{
    "name": "xtend-lang",
    "version": "0.3.0",
    "lockfileVersion": 3,
    "requires": true,
    "packages": {
        "": {
            "name": "xtend-lang",
            "version": "0.3.0",
            "license": "SEE LICENSE IN LICENSE.txt",
            "engines": {
                "vscode": "^1.32.0"
            }
        }
    }
}
